
Microsoft Visual Studio Solution File, Format Version 12.00
# Visual Studio Version 16
VisualStudioVersion = 16.0.29519.181
MinimumVisualStudioVersion = 10.0.40219.1
Project("{FAE04EC0-301F-11D3-BF4B-00C04F79EFBC}") = "Weather App.UWP", "Weather App.UWP\Weather App.UWP.csproj", "{FEB060E7-A58D-417D-A670-9C978CC04484}"
EndProject
Project("{FAE04EC0-301F-11D3-BF4B-00C04F79EFBC}") = "Weather App.Android", "Weather App.Android\Weather App.Android.csproj", "{FDFE027E-5EDB-4123-AAB5-DC06D29129E5}"
EndProject
Project("{FAE04EC0-301F-11D3-BF4B-00C04F79EFBC}") = "Weather App", "Weather App\Weather App.csproj", "{AE7C162A-9848-4414-8C9D-6CC42D7488FB}"
EndProject
Global
	GlobalSection(SolutionConfigurationPlatforms) = preSolution
		Debug|Any CPU = Debug|Any CPU
		Debug|ARM = Debug|ARM
		Debug|x64 = Debug|x64
		Debug|x86 = Debug|x86
		Release|Any CPU = Release|Any CPU
		Release|ARM = Release|ARM
		Release|x64 = Release|x64
		Release|x86 = Release|x86
	EndGlobalSection
	GlobalSection(ProjectConfigurationPlatforms) = postSolution
		{FEB060E7-A58D-417D-A670-9C978CC04484}.Debug|Any CPU.ActiveCfg = Debug|x86
		{FEB060E7-A58D-417D-A670-9C978CC04484}.Debug|Any CPU.Build.0 = Debug|x86
		{FEB060E7-A58D-417D-A670-9C978CC04484}.Debug|Any CPU.Deploy.0 = Debug|x86
		{FEB060E7-A58D-417D-A670-9C978CC04484}.Debug|ARM.ActiveCfg = Debug|ARM
		{FEB060E7-A58D-417D-A670-9C978CC04484}.Debug|ARM.Build.0 = Debug|ARM
		{FEB060E7-A58D-417D-A670-9C978CC04484}.Debug|ARM.Deploy.0 = Debug|ARM
		{FEB060E7-A58D-417D-A670-9C978CC04484}.Debug|x64.ActiveCfg = Debug|x64
		{FEB060E7-A58D-417D-A670-9C978CC04484}.Debug|x64.Build.0 = Debug|x64
		{FEB060E7-A58D-417D-A670-9C978CC04484}.Debug|x64.Deploy.0 = Debug|x64
		{FEB060E7-A58D-417D-A670-9C978CC04484}.Debug|x86.ActiveCfg = Debug|x86
		{FEB060E7-A58D-417D-A670-9C978CC04484}.Debug|x86.Build.0 = Debug|x86
		{FEB060E7-A58D-417D-A670-9C978CC04484}.Debug|x86.Deploy.0 = Debug|x86
		{FEB060E7-A58D-417D-A670-9C978CC04484}.Release|Any CPU.ActiveCfg = Release|x86
		{FEB060E7-A58D-417D-A670-9C978CC04484}.Release|Any CPU.Build.0 = Release|x86
		{FEB060E7-A58D-417D-A670-9C978CC04484}.Release|Any CPU.Deploy.0 = Release|x86
		{FEB060E7-A58D-417D-A670-9C978CC04484}.Release|ARM.ActiveCfg = Release|ARM
		{FEB060E7-A58D-417D-A670-9C978CC04484}.Release|ARM.Build.0 = Release|ARM
		{FEB060E7-A58D-417D-A670-9C978CC04484}.Release|ARM.Deploy.0 = Release|ARM
		{FEB060E7-A58D-417D-A670-9C978CC04484}.Release|x64.ActiveCfg = Release|x64
		{FEB060E7-A58D-417D-A670-9C978CC04484}.Release|x64.Build.0 = Release|x64
		{FEB060E7-A58D-417D-A670-9C978CC04484}.Release|x64.Deploy.0 = Release|x64
		{FEB060E7-A58D-417D-A670-9C978CC04484}.Release|x86.ActiveCfg = Release|x86
		{FEB060E7-A58D-417D-A670-9C978CC04484}.Release|x86.Build.0 = Release|x86
		{FEB060E7-A58D-417D-A670-9C978CC04484}.Release|x86.Deploy.0 = Release|x86
		{FDFE027E-5EDB-4123-AAB5-DC06D29129E5}.Debug|Any CPU.ActiveCfg = Debug|Any CPU
		{FDFE027E-5EDB-4123-AAB5-DC06D29129E5}.Debug|Any CPU.Build.0 = Debug|Any CPU
		{FDFE027E-5EDB-4123-AAB5-DC06D29129E5}.Debug|Any CPU.Deploy.0 = Debug|Any CPU
		{FDFE027E-5EDB-4123-AAB5-DC06D29129E5}.Debug|ARM.ActiveCfg = Debug|Any CPU
		{FDFE027E-5EDB-4123-AAB5-DC06D29129E5}.Debug|ARM.Build.0 = Debug|Any CPU
		{FDFE027E-5EDB-4123-AAB5-DC06D29129E5}.Debug|ARM.Deploy.0 = Debug|Any CPU
		{FDFE027E-5EDB-4123-AAB5-DC06D29129E5}.Debug|x64.ActiveCfg = Debug|Any CPU
		{FDFE027E-5EDB-4123-AAB5-DC06D29129E5}.Debug|x64.Build.0 = Debug|Any CPU
		{FDFE027E-5EDB-4123-AAB5-DC06D29129E5}.Debug|x64.Deploy.0 = Debug|Any CPU
		{FDFE027E-5EDB-4123-AAB5-DC06D29129E5}.Debug|x86.ActiveCfg = Debug|Any CPU
		{FDFE027E-5EDB-4123-AAB5-DC06D29129E5}.Debug|x86.Build.0 = Debug|Any CPU
		{FDFE027E-5EDB-4123-AAB5-DC06D29129E5}.Debug|x86.Deploy.0 = Debug|Any CPU
		{FDFE027E-5EDB-4123-AAB5-DC06D29129E5}.Release|Any CPU.ActiveCfg = Release|Any CPU
		{FDFE027E-5EDB-4123-AAB5-DC06D29129E5}.Release|Any CPU.Build.0 = Release|Any CPU
		{FDFE027E-5EDB-4123-AAB5-DC06D29129E5}.Release|Any CPU.Deploy.0 = Release|Any CPU
		{FDFE027E-5EDB-4123-AAB5-DC06D29129E5}.Release|ARM.ActiveCfg = Release|Any CPU
		{FDFE027E-5EDB-4123-AAB5-DC06D29129E5}.Release|ARM.Build.0 = Release|Any CPU
		{FDFE027E-5EDB-4123-AAB5-DC06D29129E5}.Release|ARM.Deploy.0 = Release|Any CPU
		{FDFE027E-5EDB-4123-AAB5-DC06D29129E5}.Release|x64.ActiveCfg = Release|Any CPU
		{FDFE027E-5EDB-4123-AAB5-DC06D29129E5}.Release|x64.Build.0 = Release|Any CPU
		{FDFE027E-5EDB-4123-AAB5-DC06D29129E5}.Release|x64.Deploy.0 = Release|Any CPU
		{FDFE027E-5EDB-4123-AAB5-DC06D29129E5}.Release|x86.ActiveCfg = Release|Any CPU
		{FDFE027E-5EDB-4123-AAB5-DC06D29129E5}.Release|x86.Build.0 = Release|Any CPU
		{FDFE027E-5EDB-4123-AAB5-DC06D29129E5}.Release|x86.Deploy.0 = Release|Any CPU
		{AE7C162A-9848-4414-8C9D-6CC42D7488FB}.Debug|Any CPU.ActiveCfg = Debug|Any CPU
		{AE7C162A-9848-4414-8C9D-6CC42D7488FB}.Debug|Any CPU.Build.0 = Debug|Any CPU
		{AE7C162A-9848-4414-8C9D-6CC42D7488FB}.Debug|Any CPU.Deploy.0 = Debug|Any CPU
		{AE7C162A-9848-4414-8C9D-6CC42D7488FB}.Debug|ARM.ActiveCfg = Debug|Any CPU
		{AE7C162A-9848-4414-8C9D-6CC42D7488FB}.Debug|ARM.Build.0 = Debug|Any CPU
		{AE7C162A-9848-4414-8C9D-6CC42D7488FB}.Debug|ARM.Deploy.0 = Debug|Any CPU
		{AE7C162A-9848-4414-8C9D-6CC42D7488FB}.Debug|x64.ActiveCfg = Debug|Any CPU
		{AE7C162A-9848-4414-8C9D-6CC42D7488FB}.Debug|x64.Build.0 = Debug|Any CPU
		{AE7C162A-9848-4414-8C9D-6CC42D7488FB}.Debug|x64.Deploy.0 = Debug|Any CPU
		{AE7C162A-9848-4414-8C9D-6CC42D7488FB}.Debug|x86.ActiveCfg = Debug|Any CPU
		{AE7C162A-9848-4414-8C9D-6CC42D7488FB}.Debug|x86.Build.0 = Debug|Any CPU
		{AE7C162A-9848-4414-8C9D-6CC42D7488FB}.Debug|x86.Deploy.0 = Debug|Any CPU
		{AE7C162A-9848-4414-8C9D-6CC42D7488FB}.Release|Any CPU.ActiveCfg = Release|Any CPU
		{AE7C162A-9848-4414-8C9D-6CC42D7488FB}.Release|Any CPU.Build.0 = Release|Any CPU
		{AE7C162A-9848-4414-8C9D-6CC42D7488FB}.Release|Any CPU.Deploy.0 = Release|Any CPU
		{AE7C162A-9848-4414-8C9D-6CC42D7488FB}.Release|ARM.ActiveCfg = Release|Any CPU
		{AE7C162A-9848-4414-8C9D-6CC42D7488FB}.Release|ARM.Build.0 = Release|Any CPU
		{AE7C162A-9848-4414-8C9D-6CC42D7488FB}.Release|ARM.Deploy.0 = Release|Any CPU
		{AE7C162A-9848-4414-8C9D-6CC42D7488FB}.Release|x64.ActiveCfg = Release|Any CPU
		{AE7C162A-9848-4414-8C9D-6CC42D7488FB}.Release|x64.Build.0 = Release|Any CPU
		{AE7C162A-9848-4414-8C9D-6CC42D7488FB}.Release|x64.Deploy.0 = Release|Any CPU
		{AE7C162A-9848-4414-8C9D-6CC42D7488FB}.Release|x86.ActiveCfg = Release|Any CPU
		{AE7C162A-9848-4414-8C9D-6CC42D7488FB}.Release|x86.Build.0 = Release|Any CPU
		{AE7C162A-9848-4414-8C9D-6CC42D7488FB}.Release|x86.Deploy.0 = Release|Any CPU
	EndGlobalSection
	GlobalSection(SolutionProperties) = preSolution
		HideSolutionNode = FALSE
	EndGlobalSection
	GlobalSection(ExtensibilityGlobals) = postSolution
		SolutionGuid = {11E30962-19DD-48A2-85B8-14915C1A79ED}
	EndGlobalSection
EndGlobal
